
Microsoft Visual Studio Solution File, Format Version 12.00
# Visual Studio 14
VisualStudioVersion = 14.0.25420.1
MinimumVisualStudioVersion = 10.0.40219.1
Project("{FAE04EC0-301F-11D3-BF4B-00C04F79EFBC}") = "SecretImageClient", "SecretImageClient\SecretImageClient.csproj", "{2C5C975A-B4B3-4132-8294-D86E2A5DE3DB}"
EndProject
Project("{2150E333-8FDC-42A3-9474-1A3956D46DE8}") = "Solution Items", "Solution Items", "{C181CE98-BF17-4F7A-BA1D-7F46B1CEC5DE}"
EndProject
Global
	GlobalSection(SolutionConfigurationPlatforms) = preSolution
		Debug|Any CPU = Debug|Any CPU
		Release|Any CPU = Release|Any CPU
	EndGlobalSection
	GlobalSection(ProjectConfigurationPlatforms) = postSolution
		{2C5C975A-B4B3-4132-8294-D86E2A5DE3DB}.Debug|Any CPU.ActiveCfg = Debug|Any CPU
		{2C5C975A-B4B3-4132-8294-D86E2A5DE3DB}.Debug|Any CPU.Build.0 = Debug|Any CPU
		{2C5C975A-B4B3-4132-8294-D86E2A5DE3DB}.Release|Any CPU.ActiveCfg = Release|Any CPU
		{2C5C975A-B4B3-4132-8294-D86E2A5DE3DB}.Release|Any CPU.Build.0 = Release|Any CPU
	EndGlobalSection
	GlobalSection(SolutionProperties) = preSolution
		HideSolutionNode = FALSE
	EndGlobalSection
EndGlobal
